<?xml version="1.0" encoding="utf-8"?>
<Project ToolsVersion="4.0" xmlns="http://schemas.microsoft.com/developer/msbuild/2003">
  <ItemGroup>
    <Filter Include="Исходные файлы">
      <UniqueIdentifier>{4FC737F1-C7A5-4376-A066-2A32D752A2FF}</UniqueIdentifier>
      <Extensions>cpp;c;cc;cxx;c++;cppm;ixx;def;odl;idl;hpj;bat;asm;asmx</Extensions>
    </Filter>
    <Filter Include="Файлы заголовков">
      <UniqueIdentifier>{93995380-89BD-4b04-88EB-625FBE52EBFB}</UniqueIdentifier>
      <Extensions>h;hh;hpp;hxx;h++;hm;inl;inc;ipp;xsd</Extensions>
    </Filter>
    <Filter Include="Файлы ресурсов">
      <UniqueIdentifier>{67DA6AB6-F800-4c08-8B7A-83BB121AAD01}</UniqueIdentifier>
      <Extensions>rc;ico;cur;bmp;dlg;rc2;rct;bin;rgs;gif;jpg;jpeg;jpe;resx;tiff;tif;png;wav;mfcribbon-ms</Extensions>
    </Filter>
    <Filter Include="Исходные файлы\images">
      <UniqueIdentifier>{8d940450-2e21-474c-addc-9c73a559fe3f}</UniqueIdentifier>
    </Filter>
    <Filter Include="Файлы заголовков\Common">
      <UniqueIdentifier>{44418123-138c-40db-84e8-19fa6c13b9fc}</UniqueIdentifier>
    </Filter>
    <Filter Include="Исходные файлы\images\fishes">
      <UniqueIdentifier>{a6bf5952-c8c9-4427-af23-cf1b2b79a772}</UniqueIdentifier>
    </Filter>
    <Filter Include="Исходные файлы\fonts">
      <UniqueIdentifier>{0ac35fe1-040b-411e-92b3-ce4f36c5908b}</UniqueIdentifier>
    </Filter>
  </ItemGroup>
  <ItemGroup>
    <ClCompile Include="Main.cpp">
      <Filter>Исходные файлы</Filter>
    </ClCompile>
    <ClCompile Include="Game.cpp">
      <Filter>Исходные файлы</Filter>
    </ClCompile>
    <ClCompile Include="Cat.cpp">
      <Filter>Исходные файлы</Filter>
    </ClCompile>
    <ClCompile Include="Entity.cpp">
      <Filter>Исходные файлы</Filter>
    </ClCompile>
    <ClCompile Include="Bait.cpp">
      <Filter>Исходные файлы</Filter>
    </ClCompile>
    <ClCompile Include="Fish.cpp">
      <Filter>Исходные файлы</Filter>
    </ClCompile>
    <ClCompile Include="SwimmingStrategy.cpp">
      <Filter>Исходные файлы</Filter>
    </ClCompile>
    <ClCompile Include="Money.cpp">
      <Filter>Исходные файлы</Filter>
    </ClCompile>
    <ClCompile Include="CuddleFish.cpp">
      <Filter>Исходные файлы</Filter>
    </ClCompile>
  </ItemGroup>
  <ItemGroup>
    <ClInclude Include="Game.h">
      <Filter>Файлы заголовков</Filter>
    </ClInclude>
    <ClInclude Include="Cat.h">
      <Filter>Файлы заголовков</Filter>
    </ClInclude>
    <ClInclude Include="Entity.h">
      <Filter>Файлы заголовков</Filter>
    </ClInclude>
    <ClInclude Include="Bait.h">
      <Filter>Файлы заголовков</Filter>
    </ClInclude>
    <ClInclude Include="Common.h">
      <Filter>Файлы заголовков\Common</Filter>
    </ClInclude>
    <ClInclude Include="Fish.h">
      <Filter>Файлы заголовков</Filter>
    </ClInclude>
    <ClInclude Include="SwimmingStrategy.h">
      <Filter>Файлы заголовков</Filter>
    </ClInclude>
    <ClInclude Include="IFish.h">
      <Filter>Файлы заголовков</Filter>
    </ClInclude>
    <ClInclude Include="Money.h">
      <Filter>Файлы заголовков</Filter>
    </ClInclude>
    <ClInclude Include="CuddleFish.h">
      <Filter>Файлы заголовков</Filter>
    </ClInclude>
  </ItemGroup>
  <ItemGroup>
    <Image Include="background.png">
      <Filter>Исходные файлы\images</Filter>
    </Image>
    <Image Include="coast.png">
      <Filter>Исходные файлы\images</Filter>
    </Image>
    <Image Include="water.png">
      <Filter>Исходные файлы\images</Filter>
    </Image>
    <Image Include="cat.png">
      <Filter>Исходные файлы\images</Filter>
    </Image>
    <Image Include="rod.png">
      <Filter>Исходные файлы\images</Filter>
    </Image>
    <Image Include="bait.png">
      <Filter>Исходные файлы\images</Filter>
    </Image>
    <Image Include="cuddlefish.png">
      <Filter>Исходные файлы\images\fishes</Filter>
    </Image>
  </ItemGroup>
  <ItemGroup>
    <Font Include="fonts\Kanit-Black.ttf">
      <Filter>Исходные файлы\fonts</Filter>
    </Font>
    <Font Include="fonts\Kanit-BlackItalic.ttf">
      <Filter>Исходные файлы\fonts</Filter>
    </Font>
    <Font Include="fonts\Kanit-Bold.ttf">
      <Filter>Исходные файлы\fonts</Filter>
    </Font>
    <Font Include="fonts\Kanit-BoldItalic.ttf">
      <Filter>Исходные файлы\fonts</Filter>
    </Font>
    <Font Include="fonts\Kanit-ExtraBold.ttf">
      <Filter>Исходные файлы\fonts</Filter>
    </Font>
    <Font Include="fonts\Kanit-ExtraBoldItalic.ttf">
      <Filter>Исходные файлы\fonts</Filter>
    </Font>
    <Font Include="fonts\Kanit-ExtraLight.ttf">
      <Filter>Исходные файлы\fonts</Filter>
    </Font>
    <Font Include="fonts\Kanit-ExtraLightItalic.ttf">
      <Filter>Исходные файлы\fonts</Filter>
    </Font>
    <Font Include="fonts\Kanit-Italic.ttf">
      <Filter>Исходные файлы\fonts</Filter>
    </Font>
    <Font Include="fonts\Kanit-Light.ttf">
      <Filter>Исходные файлы\fonts</Filter>
    </Font>
    <Font Include="fonts\Kanit-LightItalic.ttf">
      <Filter>Исходные файлы\fonts</Filter>
    </Font>
    <Font Include="fonts\Kanit-Medium.ttf">
      <Filter>Исходные файлы\fonts</Filter>
    </Font>
    <Font Include="fonts\Kanit-MediumItalic.ttf">
      <Filter>Исходные файлы\fonts</Filter>
    </Font>
    <Font Include="fonts\Kanit-Regular.ttf">
      <Filter>Исходные файлы\fonts</Filter>
    </Font>
    <Font Include="fonts\Kanit-SemiBold.ttf">
      <Filter>Исходные файлы\fonts</Filter>
    </Font>
    <Font Include="fonts\Kanit-SemiBoldItalic.ttf">
      <Filter>Исходные файлы\fonts</Filter>
    </Font>
    <Font Include="fonts\Kanit-Thin.ttf">
      <Filter>Исходные файлы\fonts</Filter>
    </Font>
    <Font Include="fonts\Kanit-ThinItalic.ttf">
      <Filter>Исходные файлы\fonts</Filter>
    </Font>
  </ItemGroup>
  <ItemGroup>
    <Text Include="fonts\OFL.txt">
      <Filter>Исходные файлы\fonts</Filter>
    </Text>
  </ItemGroup>
</Project>